// !$*UTF8*$!
{
	archiveVersion = 1;
	classes = {
	};
	objectVersion = 50;
	objects = {

/* Begin PBXBuildFile section */
		BC177B3C211DC90A00F952EB /* MovieDetailsResult.swift in Sources */ = {isa = PBXBuildFile; fileRef = BC177B3B211DC90A00F952EB /* MovieDetailsResult.swift */; };
		BC177B42211DE5C200F952EB /* TailerResult.swift in Sources */ = {isa = PBXBuildFile; fileRef = BC177B41211DE5C200F952EB /* TailerResult.swift */; };
		BCCA054C211D95DD00CF9B19 /* AppDelegate.swift in Sources */ = {isa = PBXBuildFile; fileRef = BCCA054B211D95DD00CF9B19 /* AppDelegate.swift */; };
		BCCA054E211D95DD00CF9B19 /* ViewController.swift in Sources */ = {isa = PBXBuildFile; fileRef = BCCA054D211D95DD00CF9B19 /* ViewController.swift */; };
		BCCA0551211D95DD00CF9B19 /* Main.storyboard in Resources */ = {isa = PBXBuildFile; fileRef = BCCA054F211D95DD00CF9B19 /* Main.storyboard */; };
		BCCA0553211D95DE00CF9B19 /* Assets.xcassets in Resources */ = {isa = PBXBuildFile; fileRef = BCCA0552211D95DE00CF9B19 /* Assets.xcassets */; };
		BCCA0556211D95DE00CF9B19 /* LaunchScreen.storyboard in Resources */ = {isa = PBXBuildFile; fileRef = BCCA0554211D95DE00CF9B19 /* LaunchScreen.storyboard */; };
		BCCA0561211D95DE00CF9B19 /* MovieDatabaseTests.swift in Sources */ = {isa = PBXBuildFile; fileRef = BCCA0560211D95DE00CF9B19 /* MovieDatabaseTests.swift */; };
		BCCA056C211D95DE00CF9B19 /* MovieDatabaseUITests.swift in Sources */ = {isa = PBXBuildFile; fileRef = BCCA056B211D95DE00CF9B19 /* MovieDatabaseUITests.swift */; };
		BCCA057B211D96B700CF9B19 /* Endpoint.swift in Sources */ = {isa = PBXBuildFile; fileRef = BCCA057A211D96B700CF9B19 /* Endpoint.swift */; };
		BCCA057D211D983900CF9B19 /* APIClient.swift in Sources */ = {isa = PBXBuildFile; fileRef = BCCA057C211D983900CF9B19 /* APIClient.swift */; };
		BCCA057F211D993500CF9B19 /* Result.swift in Sources */ = {isa = PBXBuildFile; fileRef = BCCA057E211D993500CF9B19 /* Result.swift */; };
		BCCA0581211D9FA500CF9B19 /* MovieClient.swift in Sources */ = {isa = PBXBuildFile; fileRef = BCCA0580211D9FA500CF9B19 /* MovieClient.swift */; };
		BCCA0584211DA06100CF9B19 /* MovieFeedResult.swift in Sources */ = {isa = PBXBuildFile; fileRef = BCCA0583211DA06100CF9B19 /* MovieFeedResult.swift */; };
		BCD1D3B02126BF06001E180D /* CreditsResult.swift in Sources */ = {isa = PBXBuildFile; fileRef = BCD1D3AF2126BF06001E180D /* CreditsResult.swift */; };
		BCD1D3B42126C973001E180D /* CollectionResult.swift in Sources */ = {isa = PBXBuildFile; fileRef = BCD1D3B32126C973001E180D /* CollectionResult.swift */; };
/* End PBXBuildFile section */

/* Begin PBXContainerItemProxy section */
		BCCA055D211D95DE00CF9B19 /* PBXContainerItemProxy */ = {
			isa = PBXContainerItemProxy;
			containerPortal = BCCA0540211D95DD00CF9B19 /* Project object */;
			proxyType = 1;
			remoteGlobalIDString = BCCA0547211D95DD00CF9B19;
			remoteInfo = MovieDatabase;
		};
		BCCA0568211D95DE00CF9B19 /* PBXContainerItemProxy */ = {
			isa = PBXContainerItemProxy;
			containerPortal = BCCA0540211D95DD00CF9B19 /* Project object */;
			proxyType = 1;
			remoteGlobalIDString = BCCA0547211D95DD00CF9B19;
			remoteInfo = MovieDatabase;
		};
/* End PBXContainerItemProxy section */

/* Begin PBXFileReference section */
		BC177B3B211DC90A00F952EB /* MovieDetailsResult.swift */ = {isa = PBXFileReference; lastKnownFileType = sourcecode.swift; path = MovieDetailsResult.swift; sourceTree = "<group>"; };
		BC177B41211DE5C200F952EB /* TailerResult.swift */ = {isa = PBXFileReference; lastKnownFileType = sourcecode.swift; path = TailerResult.swift; sourceTree = "<group>"; };
		BCCA0548211D95DD00CF9B19 /* MovieDatabase.app */ = {isa = PBXFileReference; explicitFileType = wrapper.application; includeInIndex = 0; path = MovieDatabase.app; sourceTree = BUILT_PRODUCTS_DIR; };
		BCCA054B211D95DD00CF9B19 /* AppDelegate.swift */ = {isa = PBXFileReference; lastKnownFileType = sourcecode.swift; path = AppDelegate.swift; sourceTree = "<group>"; };
		BCCA054D211D95DD00CF9B19 /* ViewController.swift */ = {isa = PBXFileReference; lastKnownFileType = sourcecode.swift; path = ViewController.swift; sourceTree = "<group>"; };
		BCCA0550211D95DD00CF9B19 /* Base */ = {isa = PBXFileReference; lastKnownFileType = file.storyboard; name = Base; path = Base.lproj/Main.storyboard; sourceTree = "<group>"; };
		BCCA0552211D95DE00CF9B19 /* Assets.xcassets */ = {isa = PBXFileReference; lastKnownFileType = folder.assetcatalog; path = Assets.xcassets; sourceTree = "<group>"; };
		BCCA0555211D95DE00CF9B19 /* Base */ = {isa = PBXFileReference; lastKnownFileType = file.storyboard; name = Base; path = Base.lproj/LaunchScreen.storyboard; sourceTree = "<group>"; };
		BCCA0557211D95DE00CF9B19 /* Info.plist */ = {isa = PBXFileReference; lastKnownFileType = text.plist.xml; path = Info.plist; sourceTree = "<group>"; };
		BCCA055C211D95DE00CF9B19 /* MovieDatabaseTests.xctest */ = {isa = PBXFileReference; explicitFileType = wrapper.cfbundle; includeInIndex = 0; path = MovieDatabaseTests.xctest; sourceTree = BUILT_PRODUCTS_DIR; };
		BCCA0560211D95DE00CF9B19 /* MovieDatabaseTests.swift */ = {isa = PBXFileReference; lastKnownFileType = sourcecode.swift; path = MovieDatabaseTests.swift; sourceTree = "<group>"; };
		BCCA0562211D95DE00CF9B19 /* Info.plist */ = {isa = PBXFileReference; lastKnownFileType = text.plist.xml; path = Info.plist; sourceTree = "<group>"; };
		BCCA0567211D95DE00CF9B19 /* MovieDatabaseUITests.xctest */ = {isa = PBXFileReference; explicitFileType = wrapper.cfbundle; includeInIndex = 0; path = MovieDatabaseUITests.xctest; sourceTree = BUILT_PRODUCTS_DIR; };
		BCCA056B211D95DE00CF9B19 /* MovieDatabaseUITests.swift */ = {isa = PBXFileReference; lastKnownFileType = sourcecode.swift; path = MovieDatabaseUITests.swift; sourceTree = "<group>"; };
		BCCA056D211D95DE00CF9B19 /* Info.plist */ = {isa = PBXFileReference; lastKnownFileType = text.plist.xml; path = Info.plist; sourceTree = "<group>"; };
		BCCA057A211D96B700CF9B19 /* Endpoint.swift */ = {isa = PBXFileReference; lastKnownFileType = sourcecode.swift; path = Endpoint.swift; sourceTree = "<group>"; };
		BCCA057C211D983900CF9B19 /* APIClient.swift */ = {isa = PBXFileReference; lastKnownFileType = sourcecode.swift; path = APIClient.swift; sourceTree = "<group>"; };
		BCCA057E211D993500CF9B19 /* Result.swift */ = {isa = PBXFileReference; lastKnownFileType = sourcecode.swift; path = Result.swift; sourceTree = "<group>"; };
		BCCA0580211D9FA500CF9B19 /* MovieClient.swift */ = {isa = PBXFileReference; lastKnownFileType = sourcecode.swift; path = MovieClient.swift; sourceTree = "<group>"; };
		BCCA0583211DA06100CF9B19 /* MovieFeedResult.swift */ = {isa = PBXFileReference; lastKnownFileType = sourcecode.swift; path = MovieFeedResult.swift; sourceTree = "<group>"; };
		BCD1D3AF2126BF06001E180D /* CreditsResult.swift */ = {isa = PBXFileReference; lastKnownFileType = sourcecode.swift; path = CreditsResult.swift; sourceTree = "<group>"; };
		BCD1D3B32126C973001E180D /* CollectionResult.swift */ = {isa = PBXFileReference; lastKnownFileType = sourcecode.swift; path = CollectionResult.swift; sourceTree = "<group>"; };
/* End PBXFileReference section */

/* Begin PBXFrameworksBuildPhase section */
		BCCA0545211D95DD00CF9B19 /* Frameworks */ = {
			isa = PBXFrameworksBuildPhase;
			buildActionMask = 2147483647;
			files = (
			);
			runOnlyForDeploymentPostprocessing = 0;
		};
		BCCA0559211D95DE00CF9B19 /* Frameworks */ = {
			isa = PBXFrameworksBuildPhase;
			buildActionMask = 2147483647;
			files = (
			);
			runOnlyForDeploymentPostprocessing = 0;
		};
		BCCA0564211D95DE00CF9B19 /* Frameworks */ = {
			isa = PBXFrameworksBuildPhase;
			buildActionMask = 2147483647;
			files = (
			);
			runOnlyForDeploymentPostprocessing = 0;
		};
/* End PBXFrameworksBuildPhase section */

/* Begin PBXGroup section */
		BCCA053F211D95DD00CF9B19 = {
			isa = PBXGroup;
			children = (
				BCCA054A211D95DD00CF9B19 /* MovieDatabase */,
				BCCA055F211D95DE00CF9B19 /* MovieDatabaseTests */,
				BCCA056A211D95DE00CF9B19 /* MovieDatabaseUITests */,
				BCCA0549211D95DD00CF9B19 /* Products */,
			);
			sourceTree = "<group>";
		};
		BCCA0549211D95DD00CF9B19 /* Products */ = {
			isa = PBXGroup;
			children = (
				BCCA0548211D95DD00CF9B19 /* MovieDatabase.app */,
				BCCA055C211D95DE00CF9B19 /* MovieDatabaseTests.xctest */,
				BCCA0567211D95DE00CF9B19 /* MovieDatabaseUITests.xctest */,
			);
			name = Products;
			sourceTree = "<group>";
		};
		BCCA054A211D95DD00CF9B19 /* MovieDatabase */ = {
			isa = PBXGroup;
			children = (
				BCCA054B211D95DD00CF9B19 /* AppDelegate.swift */,
				BCCA054D211D95DD00CF9B19 /* ViewController.swift */,
				BCCA054F211D95DD00CF9B19 /* Main.storyboard */,
				BCCA0552211D95DE00CF9B19 /* Assets.xcassets */,
				BCCA0554211D95DE00CF9B19 /* LaunchScreen.storyboard */,
				BCCA0557211D95DE00CF9B19 /* Info.plist */,
				BCCA0582211DA05000CF9B19 /* Model */,
				BCCA0579211D969D00CF9B19 /* Networking */,
			);
			path = MovieDatabase;
			sourceTree = "<group>";
		};
		BCCA055F211D95DE00CF9B19 /* MovieDatabaseTests */ = {
			isa = PBXGroup;
			children = (
				BCCA0560211D95DE00CF9B19 /* MovieDatabaseTests.swift */,
				BCCA0562211D95DE00CF9B19 /* Info.plist */,
			);
			path = MovieDatabaseTests;
			sourceTree = "<group>";
		};
		BCCA056A211D95DE00CF9B19 /* MovieDatabaseUITests */ = {
			isa = PBXGroup;
			children = (
				BCCA056B211D95DE00CF9B19 /* MovieDatabaseUITests.swift */,
				BCCA056D211D95DE00CF9B19 /* Info.plist */,
			);
			path = MovieDatabaseUITests;
			sourceTree = "<group>";
		};
		BCCA0579211D969D00CF9B19 /* Networking */ = {
			isa = PBXGroup;
			children = (
				BCCA057A211D96B700CF9B19 /* Endpoint.swift */,
				BCCA057C211D983900CF9B19 /* APIClient.swift */,
				BCCA057E211D993500CF9B19 /* Result.swift */,
				BCCA0580211D9FA500CF9B19 /* MovieClient.swift */,
				BC177B37211DC1C800F952EB /* ImageClient.swift */,
			);
			path = Networking;
			sourceTree = "<group>";
		};
		BCCA0582211DA05000CF9B19 /* Model */ = {
			isa = PBXGroup;
			children = (
				BCCA0583211DA06100CF9B19 /* MovieFeedResult.swift */,
				BC177B3B211DC90A00F952EB /* MovieDetailsResult.swift */,
				BC177B41211DE5C200F952EB /* TailerResult.swift */,
				BCD1D3AF2126BF06001E180D /* CreditsResult.swift */,
				BCD1D3B32126C973001E180D /* CollectionResult.swift */,
			);
			path = Model;
			sourceTree = "<group>";
		};
/* End PBXGroup section */

/* Begin PBXNativeTarget section */
		BCCA0547211D95DD00CF9B19 /* MovieDatabase */ = {
			isa = PBXNativeTarget;
			buildConfigurationList = BCCA0570211D95DE00CF9B19 /* Build configuration list for PBXNativeTarget "MovieDatabase" */;
			buildPhases = (
				BCCA0544211D95DD00CF9B19 /* Sources */,
				BCCA0545211D95DD00CF9B19 /* Frameworks */,
				BCCA0546211D95DD00CF9B19 /* Resources */,
			);
			buildRules = (
			);
			dependencies = (
			);
			name = MovieDatabase;
			productName = MovieDatabase;
			productReference = BCCA0548211D95DD00CF9B19 /* MovieDatabase.app */;
			productType = "com.apple.product-type.application";
		};
		BCCA055B211D95DE00CF9B19 /* MovieDatabaseTests */ = {
			isa = PBXNativeTarget;
			buildConfigurationList = BCCA0573211D95DE00CF9B19 /* Build configuration list for PBXNativeTarget "MovieDatabaseTests" */;
			buildPhases = (
				BCCA0558211D95DE00CF9B19 /* Sources */,
				BCCA0559211D95DE00CF9B19 /* Frameworks */,
				BCCA055A211D95DE00CF9B19 /* Resources */,
			);
			buildRules = (
			);
			dependencies = (
				BCCA055E211D95DE00CF9B19 /* PBXTargetDependency */,
			);
			name = MovieDatabaseTests;
			productName = MovieDatabaseTests;
			productReference = BCCA055C211D95DE00CF9B19 /* MovieDatabaseTests.xctest */;
			productType = "com.apple.product-type.bundle.unit-test";
		};
		BCCA0566211D95DE00CF9B19 /* MovieDatabaseUITests */ = {
			isa = PBXNativeTarget;
			buildConfigurationList = BCCA0576211D95DE00CF9B19 /* Build configuration list for PBXNativeTarget "MovieDatabaseUITests" */;
			buildPhases = (
				BCCA0563211D95DE00CF9B19 /* Sources */,
				BCCA0564211D95DE00CF9B19 /* Frameworks */,
				BCCA0565211D95DE00CF9B19 /* Resources */,
			);
			buildRules = (
			);
			dependencies = (
				BCCA0569211D95DE00CF9B19 /* PBXTargetDependency */,
			);
			name = MovieDatabaseUITests;
			productName = MovieDatabaseUITests;
			productReference = BCCA0567211D95DE00CF9B19 /* MovieDatabaseUITests.xctest */;
			productType = "com.apple.product-type.bundle.ui-testing";
		};
/* End PBXNativeTarget section */

/* Begin PBXProject section */
		BCCA0540211D95DD00CF9B19 /* Project object */ = {
			isa = PBXProject;
			attributes = {
				LastSwiftUpdateCheck = 0930;
				LastUpgradeCheck = 0930;
				ORGANIZATIONNAME = "Sebastien Thibert";
				TargetAttributes = {
					BCCA0547211D95DD00CF9B19 = {
						CreatedOnToolsVersion = 9.3;
					};
					BCCA055B211D95DE00CF9B19 = {
						CreatedOnToolsVersion = 9.3;
						TestTargetID = BCCA0547211D95DD00CF9B19;
					};
					BCCA0566211D95DE00CF9B19 = {
						CreatedOnToolsVersion = 9.3;
						TestTargetID = BCCA0547211D95DD00CF9B19;
					};
				};
			};
			buildConfigurationList = BCCA0543211D95DD00CF9B19 /* Build configuration list for PBXProject "MovieDatabase" */;
			compatibilityVersion = "Xcode 9.3";
			developmentRegion = en;
			hasScannedForEncodings = 0;
			knownRegions = (
				en,
				Base,
			);
			mainGroup = BCCA053F211D95DD00CF9B19;
			productRefGroup = BCCA0549211D95DD00CF9B19 /* Products */;
			projectDirPath = "";
			projectRoot = "";
			targets = (
				BCCA0547211D95DD00CF9B19 /* MovieDatabase */,
				BCCA055B211D95DE00CF9B19 /* MovieDatabaseTests */,
				BCCA0566211D95DE00CF9B19 /* MovieDatabaseUITests */,
			);
		};
/* End PBXProject section */

/* Begin PBXResourcesBuildPhase section */
		BCCA0546211D95DD00CF9B19 /* Resources */ = {
			isa = PBXResourcesBuildPhase;
			buildActionMask = 2147483647;
			files = (
				BCCA0556211D95DE00CF9B19 /* LaunchScreen.storyboard in Resources */,
				BCCA0553211D95DE00CF9B19 /* Assets.xcassets in Resources */,
				BCCA0551211D95DD00CF9B19 /* Main.storyboard in Resources */,
			);
			runOnlyForDeploymentPostprocessing = 0;
		};
		BCCA055A211D95DE00CF9B19 /* Resources */ = {
			isa = PBXResourcesBuildPhase;
			buildActionMask = 2147483647;
			files = (
			);
			runOnlyForDeploymentPostprocessing = 0;
		};
		BCCA0565211D95DE00CF9B19 /* Resources */ = {
			isa = PBXResourcesBuildPhase;
			buildActionMask = 2147483647;
			files = (
			);
			runOnlyForDeploymentPostprocessing = 0;
		};
/* End PBXResourcesBuildPhase section */

/* Begin PBXSourcesBuildPhase section */
		BCCA0544211D95DD00CF9B19 /* Sources */ = {
			isa = PBXSourcesBuildPhase;
			buildActionMask = 2147483647;
			files = (
				BCCA054E211D95DD00CF9B19 /* ViewController.swift in Sources */,
				BCCA057B211D96B700CF9B19 /* Endpoint.swift in Sources */,
				BCD1D3B02126BF06001E180D /* CreditsResult.swift in Sources */,
				BCCA0581211D9FA500CF9B19 /* MovieClient.swift in Sources */,
				BCCA057F211D993500CF9B19 /* Result.swift in Sources */,
				BCCA0584211DA06100CF9B19 /* MovieFeedResult.swift in Sources */,
				BCCA054C211D95DD00CF9B19 /* AppDelegate.swift in Sources */,
				BC177B42211DE5C200F952EB /* TailerResult.swift in Sources */,
				BCD1D3B42126C973001E180D /* CollectionResult.swift in Sources */,
				BCCA057D211D983900CF9B19 /* APIClient.swift in Sources */,
				BC177B3C211DC90A00F952EB /* MovieDetailsResult.swift in Sources */,
			);
			runOnlyForDeploymentPostprocessing = 0;
		};
		BCCA0558211D95DE00CF9B19 /* Sources */ = {
			isa = PBXSourcesBuildPhase;
			buildActionMask = 2147483647;
			files = (
				BCCA0561211D95DE00CF9B19 /* MovieDatabaseTests.swift in Sources */,
			);
			runOnlyForDeploymentPostprocessing = 0;
		};
		BCCA0563211D95DE00CF9B19 /* Sources */ = {
			isa = PBXSourcesBuildPhase;
			buildActionMask = 2147483647;
			files = (
				BCCA056C211D95DE00CF9B19 /* MovieDatabaseUITests.swift in Sources */,
			);
			runOnlyForDeploymentPostprocessing = 0;
		};
/* End PBXSourcesBuildPhase section */

/* Begin PBXTargetDependency section */
		BCCA055E211D95DE00CF9B19 /* PBXTargetDependency */ = {
			isa = PBXTargetDependency;
			target = BCCA0547211D95DD00CF9B19 /* MovieDatabase */;
			targetProxy = BCCA055D211D95DE00CF9B19 /* PBXContainerItemProxy */;
		};
		BCCA0569211D95DE00CF9B19 /* PBXTargetDependency */ = {
			isa = PBXTargetDependency;
			target = BCCA0547211D95DD00CF9B19 /* MovieDatabase */;
			targetProxy = BCCA0568211D95DE00CF9B19 /* PBXContainerItemProxy */;
		};
/* End PBXTargetDependency section */

/* Begin PBXVariantGroup section */
		BCCA054F211D95DD00CF9B19 /* Main.storyboard */ = {
			isa = PBXVariantGroup;
			children = (
				BCCA0550211D95DD00CF9B19 /* Base */,
			);
			name = Main.storyboard;
			sourceTree = "<group>";
		};
		BCCA0554211D95DE00CF9B19 /* LaunchScreen.storyboard */ = {
			isa = PBXVariantGroup;
			children = (
				BCCA0555211D95DE00CF9B19 /* Base */,
			);
			name = LaunchScreen.storyboard;
			sourceTree = "<group>";
		};
/* End PBXVariantGroup section */

/* Begin XCBuildConfiguration section */
		BCCA056E211D95DE00CF9B19 /* Debug */ = {
			isa = XCBuildConfiguration;
			buildSettings = {
				ALWAYS_SEARCH_USER_PATHS = NO;
				CLANG_ANALYZER_NONNULL = YES;
				CLANG_ANALYZER_NUMBER_OBJECT_CONVERSION = YES_AGGRESSIVE;
				CLANG_CXX_LANGUAGE_STANDARD = "gnu++14";
				CLANG_CXX_LIBRARY = "libc++";
				CLANG_ENABLE_MODULES = YES;
				CLANG_ENABLE_OBJC_ARC = YES;
				CLANG_ENABLE_OBJC_WEAK = YES;
				CLANG_WARN_BLOCK_CAPTURE_AUTORELEASING = YES;
				CLANG_WARN_BOOL_CONVERSION = YES;
				CLANG_WARN_COMMA = YES;
				CLANG_WARN_CONSTANT_CONVERSION = YES;
				CLANG_WARN_DEPRECATED_OBJC_IMPLEMENTATIONS = YES;
				CLANG_WARN_DIRECT_OBJC_ISA_USAGE = YES_ERROR;
				CLANG_WARN_DOCUMENTATION_COMMENTS = YES;
				CLANG_WARN_EMPTY_BODY = YES;
				CLANG_WARN_ENUM_CONVERSION = YES;
				CLANG_WARN_INFINITE_RECURSION = YES;
				CLANG_WARN_INT_CONVERSION = YES;
				CLANG_WARN_NON_LITERAL_NULL_CONVERSION = YES;
				CLANG_WARN_OBJC_IMPLICIT_RETAIN_SELF = YES;
				CLANG_WARN_OBJC_LITERAL_CONVERSION = YES;
				CLANG_WARN_OBJC_ROOT_CLASS = YES_ERROR;
				CLANG_WARN_RANGE_LOOP_ANALYSIS = YES;
				CLANG_WARN_STRICT_PROTOTYPES = YES;
				CLANG_WARN_SUSPICIOUS_MOVE = YES;
				CLANG_WARN_UNGUARDED_AVAILABILITY = YES_AGGRESSIVE;
				CLANG_WARN_UNREACHABLE_CODE = YES;
				CLANG_WARN__DUPLICATE_METHOD_MATCH = YES;
				CODE_SIGN_IDENTITY = "iPhone Developer";
				COPY_PHASE_STRIP = NO;
				DEBUG_INFORMATION_FORMAT = dwarf;
				ENABLE_STRICT_OBJC_MSGSEND = YES;
				ENABLE_TESTABILITY = YES;
				GCC_C_LANGUAGE_STANDARD = gnu11;
				GCC_DYNAMIC_NO_PIC = NO;
				GCC_NO_COMMON_BLOCKS = YES;
				GCC_OPTIMIZATION_LEVEL = 0;
				GCC_PREPROCESSOR_DEFINITIONS = (
					"DEBUG=1",
					"$(inherited)",
				);
				GCC_WARN_64_TO_32_BIT_CONVERSION = YES;
				GCC_WARN_ABOUT_RETURN_TYPE = YES_ERROR;
				GCC_WARN_UNDECLARED_SELECTOR = YES;
				GCC_WARN_UNINITIALIZED_AUTOS = YES_AGGRESSIVE;
				GCC_WARN_UNUSED_FUNCTION = YES;
				GCC_WARN_UNUSED_VARIABLE = YES;
				IPHONEOS_DEPLOYMENT_TARGET = 11.3;
				MTL_ENABLE_DEBUG_INFO = YES;
				ONLY_ACTIVE_ARCH = YES;
				SDKROOT = iphoneos;
				SWIFT_ACTIVE_COMPILATION_CONDITIONS = DEBUG;
				SWIFT_OPTIMIZATION_LEVEL = "-Onone";
			};
			name = Debug;
		};
		BCCA056F211D95DE00CF9B19 /* Release */ = {
			isa = XCBuildConfiguration;
			buildSettings = {
				ALWAYS_SEARCH_USER_PATHS = NO;
				CLANG_ANALYZER_NONNULL = YES;
				CLANG_ANALYZER_NUMBER_OBJECT_CONVERSION = YES_AGGRESSIVE;
				CLANG_CXX_LANGUAGE_STANDARD = "gnu++14";
				CLANG_CXX_LIBRARY = "libc++";
				CLANG_ENABLE_MODULES = YES;
				CLANG_ENABLE_OBJC_ARC = YES;
				CLANG_ENABLE_OBJC_WEAK = YES;
				CLANG_WARN_BLOCK_CAPTURE_AUTORELEASING = YES;
				CLANG_WARN_BOOL_CONVERSION = YES;
				CLANG_WARN_COMMA = YES;
				CLANG_WARN_CONSTANT_CONVERSION = YES;
				CLANG_WARN_DEPRECATED_OBJC_IMPLEMENTATIONS = YES;
				CLANG_WARN_DIRECT_OBJC_ISA_USAGE = YES_ERROR;
				CLANG_WARN_DOCUMENTATION_COMMENTS = YES;
				CLANG_WARN_EMPTY_BODY = YES;
				CLANG_WARN_ENUM_CONVERSION = YES;
				CLANG_WARN_INFINITE_RECURSION = YES;
				CLANG_WARN_INT_CONVERSION = YES;
				CLANG_WARN_NON_LITERAL_NULL_CONVERSION = YES;
				CLANG_WARN_OBJC_IMPLICIT_RETAIN_SELF = YES;
				CLANG_WARN_OBJC_LITERAL_CONVERSION = YES;
				CLANG_WARN_OBJC_ROOT_CLASS = YES_ERROR;
				CLANG_WARN_RANGE_LOOP_ANALYSIS = YES;
				CLANG_WARN_STRICT_PROTOTYPES = YES;
				CLANG_WARN_SUSPICIOUS_MOVE = YES;
				CLANG_WARN_UNGUARDED_AVAILABILITY = YES_AGGRESSIVE;
				CLANG_WARN_UNREACHABLE_CODE = YES;
				CLANG_WARN__DUPLICATE_METHOD_MATCH = YES;
				CODE_SIGN_IDENTITY = "iPhone Developer";
				COPY_PHASE_STRIP = NO;
				DEBUG_INFORMATION_FORMAT = "dwarf-with-dsym";
				ENABLE_NS_ASSERTIONS = NO;
				ENABLE_STRICT_OBJC_MSGSEND = YES;
				GCC_C_LANGUAGE_STANDARD = gnu11;
				GCC_NO_COMMON_BLOCKS = YES;
				GCC_WARN_64_TO_32_BIT_CONVERSION = YES;
				GCC_WARN_ABOUT_RETURN_TYPE = YES_ERROR;
				GCC_WARN_UNDECLARED_SELECTOR = YES;
				GCC_WARN_UNINITIALIZED_AUTOS = YES_AGGRESSIVE;
				GCC_WARN_UNUSED_FUNCTION = YES;
				GCC_WARN_UNUSED_VARIABLE = YES;
				IPHONEOS_DEPLOYMENT_TARGET = 11.3;
				MTL_ENABLE_DEBUG_INFO = NO;
				SDKROOT = iphoneos;
				SWIFT_COMPILATION_MODE = wholemodule;
				SWIFT_OPTIMIZATION_LEVEL = "-O";
				VALIDATE_PRODUCT = YES;
			};
			name = Release;
		};
		BCCA0571211D95DE00CF9B19 /* Debug */ = {
			isa = XCBuildConfiguration;
			buildSettings = {
				ASSETCATALOG_COMPILER_APPICON_NAME = AppIcon;
				CODE_SIGN_STYLE = Automatic;
				INFOPLIST_FILE = MovieDatabase/Info.plist;
				LD_RUNPATH_SEARCH_PATHS = (
					"$(inherited)",
					"@executable_path/Frameworks",
				);
				PRODUCT_BUNDLE_IDENTIFIER = com.marksandspencer.MovieDatabase;
				PRODUCT_NAME = "$(TARGET_NAME)";
				SWIFT_VERSION = 4.0;
				TARGETED_DEVICE_FAMILY = "1,2";
			};
			name = Debug;
		};
		BCCA0572211D95DE00CF9B19 /* Release */ = {
			isa = XCBuildConfiguration;
			buildSettings = {
				ASSETCATALOG_COMPILER_APPICON_NAME = AppIcon;
				CODE_SIGN_STYLE = Automatic;
				INFOPLIST_FILE = MovieDatabase/Info.plist;
				LD_RUNPATH_SEARCH_PATHS = (
					"$(inherited)",
					"@executable_path/Frameworks",
				);
				PRODUCT_BUNDLE_IDENTIFIER = com.marksandspencer.MovieDatabase;
				PRODUCT_NAME = "$(TARGET_NAME)";
				SWIFT_VERSION = 4.0;
				TARGETED_DEVICE_FAMILY = "1,2";
			};
			name = Release;
		};
		BCCA0574211D95DE00CF9B19 /* Debug */ = {
			isa = XCBuildConfiguration;
			buildSettings = {
				ALWAYS_EMBED_SWIFT_STANDARD_LIBRARIES = YES;
				BUNDLE_LOADER = "$(TEST_HOST)";
				CODE_SIGN_STYLE = Automatic;
				INFOPLIST_FILE = MovieDatabaseTests/Info.plist;
				LD_RUNPATH_SEARCH_PATHS = (
					"$(inherited)",
					"@executable_path/Frameworks",
					"@loader_path/Frameworks",
				);
				PRODUCT_BUNDLE_IDENTIFIER = com.marksandspencer.MovieDatabaseTests;
				PRODUCT_NAME = "$(TARGET_NAME)";
				SWIFT_VERSION = 4.0;
				TARGETED_DEVICE_FAMILY = "1,2";
				TEST_HOST = "$(BUILT_PRODUCTS_DIR)/MovieDatabase.app/MovieDatabase";
			};
			name = Debug;
		};
		BCCA0575211D95DE00CF9B19 /* Release */ = {
			isa = XCBuildConfiguration;
			buildSettings = {
				ALWAYS_EMBED_SWIFT_STANDARD_LIBRARIES = YES;
				BUNDLE_LOADER = "$(TEST_HOST)";
				CODE_SIGN_STYLE = Automatic;
				INFOPLIST_FILE = MovieDatabaseTests/Info.plist;
				LD_RUNPATH_SEARCH_PATHS = (
					"$(inherited)",
					"@executable_path/Frameworks",
					"@loader_path/Frameworks",
				);
				PRODUCT_BUNDLE_IDENTIFIER = com.marksandspencer.MovieDatabaseTests;
				PRODUCT_NAME = "$(TARGET_NAME)";
				SWIFT_VERSION = 4.0;
				TARGETED_DEVICE_FAMILY = "1,2";
				TEST_HOST = "$(BUILT_PRODUCTS_DIR)/MovieDatabase.app/MovieDatabase";
			};
			name = Release;
		};
		BCCA0577211D95DE00CF9B19 /* Debug */ = {
			isa = XCBuildConfiguration;
			buildSettings = {
				ALWAYS_EMBED_SWIFT_STANDARD_LIBRARIES = YES;
				CODE_SIGN_STYLE = Automatic;
				INFOPLIST_FILE = MovieDatabaseUITests/Info.plist;
				LD_RUNPATH_SEARCH_PATHS = (
					"$(inherited)",
					"@executable_path/Frameworks",
					"@loader_path/Frameworks",
				);
				PRODUCT_BUNDLE_IDENTIFIER = com.marksandspencer.MovieDatabaseUITests;
				PRODUCT_NAME = "$(TARGET_NAME)";
				SWIFT_VERSION = 4.0;
				TARGETED_DEVICE_FAMILY = "1,2";
				TEST_TARGET_NAME = MovieDatabase;
			};
			name = Debug;
		};
		BCCA0578211D95DE00CF9B19 /* Release */ = {
			isa = XCBuildConfiguration;
			buildSettings = {
				ALWAYS_EMBED_SWIFT_STANDARD_LIBRARIES = YES;
				CODE_SIGN_STYLE = Automatic;
				INFOPLIST_FILE = MovieDatabaseUITests/Info.plist;
				LD_RUNPATH_SEARCH_PATHS = (
					"$(inherited)",
					"@executable_path/Frameworks",
					"@loader_path/Frameworks",
				);
				PRODUCT_BUNDLE_IDENTIFIER = com.marksandspencer.MovieDatabaseUITests;
				PRODUCT_NAME = "$(TARGET_NAME)";
				SWIFT_VERSION = 4.0;
				TARGETED_DEVICE_FAMILY = "1,2";
				TEST_TARGET_NAME = MovieDatabase;
			};
			name = Release;
		};
/* End XCBuildConfiguration section */

/* Begin XCConfigurationList section */
		BCCA0543211D95DD00CF9B19 /* Build configuration list for PBXProject "MovieDatabase" */ = {
			isa = XCConfigurationList;
			buildConfigurations = (
				BCCA056E211D95DE00CF9B19 /* Debug */,
				BCCA056F211D95DE00CF9B19 /* Release */,
			);
			defaultConfigurationIsVisible = 0;
			defaultConfigurationName = Release;
		};
		BCCA0570211D95DE00CF9B19 /* Build configuration list for PBXNativeTarget "MovieDatabase" */ = {
			isa = XCConfigurationList;
			buildConfigurations = (
				BCCA0571211D95DE00CF9B19 /* Debug */,
				BCCA0572211D95DE00CF9B19 /* Release */,
			);
			defaultConfigurationIsVisible = 0;
			defaultConfigurationName = Release;
		};
		BCCA0573211D95DE00CF9B19 /* Build configuration list for PBXNativeTarget "MovieDatabaseTests" */ = {
			isa = XCConfigurationList;
			buildConfigurations = (
				BCCA0574211D95DE00CF9B19 /* Debug */,
				BCCA0575211D95DE00CF9B19 /* Release */,
			);
			defaultConfigurationIsVisible = 0;
			defaultConfigurationName = Release;
		};
		BCCA0576211D95DE00CF9B19 /* Build configuration list for PBXNativeTarget "MovieDatabaseUITests" */ = {
			isa = XCConfigurationList;
			buildConfigurations = (
				BCCA0577211D95DE00CF9B19 /* Debug */,
				BCCA0578211D95DE00CF9B19 /* Release */,
			);
			defaultConfigurationIsVisible = 0;
			defaultConfigurationName = Release;
		};
/* End XCConfigurationList section */
	};
	rootObject = BCCA0540211D95DD00CF9B19 /* Project object */;
}
